// !$*UTF8*$!
{
	archiveVersion = 1;
	classes = {
	};
	objectVersion = 46;
	objects = {

/* Begin PBXBuildFile section */
		3DCCA1951C1A198B004F63E7 /* main.m in Sources */ = {isa = PBXBuildFile; fileRef = 3DCCA1941C1A198B004F63E7 /* main.m */; };
		3DCCA1981C1A198B004F63E7 /* AppDelegate.m in Sources */ = {isa = PBXBuildFile; fileRef = 3DCCA1971C1A198B004F63E7 /* AppDelegate.m */; };
		3DCCA19E1C1A198B004F63E7 /* Main.storyboard in Resources */ = {isa = PBXBuildFile; fileRef = 3DCCA19C1C1A198B004F63E7 /* Main.storyboard */; };
		3DCCA1A01C1A198B004F63E7 /* Assets.xcassets in Resources */ = {isa = PBXBuildFile; fileRef = 3DCCA19F1C1A198B004F63E7 /* Assets.xcassets */; };
		3DCCA1A31C1A198B004F63E7 /* LaunchScreen.storyboard in Resources */ = {isa = PBXBuildFile; fileRef = 3DCCA1A11C1A198B004F63E7 /* LaunchScreen.storyboard */; };
		3DCCA1AE1C1A198B004F63E7 /* GradientTests.m in Sources */ = {isa = PBXBuildFile; fileRef = 3DCCA1AD1C1A198B004F63E7 /* GradientTests.m */; };
		3DCCA1B91C1A198B004F63E7 /* GradientUITests.m in Sources */ = {isa = PBXBuildFile; fileRef = 3DCCA1B81C1A198B004F63E7 /* GradientUITests.m */; };
		3DCCA1CF1C1A1A46004F63E7 /* AMYBottomColorChooserViewController.m in Sources */ = {isa = PBXBuildFile; fileRef = 3DCCA1CA1C1A1A46004F63E7 /* AMYBottomColorChooserViewController.m */; };
		3DCCA1D01C1A1A46004F63E7 /* AMYGradientChooserViewController.m in Sources */ = {isa = PBXBuildFile; fileRef = 3DCCA1CC1C1A1A46004F63E7 /* AMYGradientChooserViewController.m */; };
		3DCCA1D11C1A1A46004F63E7 /* AMYTopColorChooserViewController.m in Sources */ = {isa = PBXBuildFile; fileRef = 3DCCA1CE1C1A1A46004F63E7 /* AMYTopColorChooserViewController.m */; };
/* End PBXBuildFile section */

/* Begin PBXContainerItemProxy section */
		3DCCA1AA1C1A198B004F63E7 /* PBXContainerItemProxy */ = {
			isa = PBXContainerItemProxy;
			containerPortal = 3DCCA1881C1A198B004F63E7 /* Project object */;
			proxyType = 1;
			remoteGlobalIDString = 3DCCA18F1C1A198B004F63E7;
			remoteInfo = Gradient;
		};
		3DCCA1B51C1A198B004F63E7 /* PBXContainerItemProxy */ = {
			isa = PBXContainerItemProxy;
			containerPortal = 3DCCA1881C1A198B004F63E7 /* Project object */;
			proxyType = 1;
			remoteGlobalIDString = 3DCCA18F1C1A198B004F63E7;
			remoteInfo = Gradient;
		};
/* End PBXContainerItemProxy section */

/* Begin PBXFileReference section */
		3DCCA1901C1A198B004F63E7 /* Gradient.app */ = {isa = PBXFileReference; explicitFileType = wrapper.application; includeInIndex = 0; path = Gradient.app; sourceTree = BUILT_PRODUCTS_DIR; };
		3DCCA1941C1A198B004F63E7 /* main.m */ = {isa = PBXFileReference; lastKnownFileType = sourcecode.c.objc; path = main.m; sourceTree = "<group>"; };
		3DCCA1961C1A198B004F63E7 /* AppDelegate.h */ = {isa = PBXFileReference; lastKnownFileType = sourcecode.c.h; path = AppDelegate.h; sourceTree = "<group>"; };
		3DCCA1971C1A198B004F63E7 /* AppDelegate.m */ = {isa = PBXFileReference; lastKnownFileType = sourcecode.c.objc; path = AppDelegate.m; sourceTree = "<group>"; };
		3DCCA19D1C1A198B004F63E7 /* Base */ = {isa = PBXFileReference; lastKnownFileType = file.storyboard; name = Base; path = Base.lproj/Main.storyboard; sourceTree = "<group>"; };
		3DCCA19F1C1A198B004F63E7 /* Assets.xcassets */ = {isa = PBXFileReference; lastKnownFileType = folder.assetcatalog; path = Assets.xcassets; sourceTree = "<group>"; };
		3DCCA1A21C1A198B004F63E7 /* Base */ = {isa = PBXFileReference; lastKnownFileType = file.storyboard; name = Base; path = Base.lproj/LaunchScreen.storyboard; sourceTree = "<group>"; };
		3DCCA1A41C1A198B004F63E7 /* Info.plist */ = {isa = PBXFileReference; lastKnownFileType = text.plist.xml; path = Info.plist; sourceTree = "<group>"; };
		3DCCA1A91C1A198B004F63E7 /* GradientTests.xctest */ = {isa = PBXFileReference; explicitFileType = wrapper.cfbundle; includeInIndex = 0; path = GradientTests.xctest; sourceTree = BUILT_PRODUCTS_DIR; };
		3DCCA1AD1C1A198B004F63E7 /* GradientTests.m */ = {isa = PBXFileReference; lastKnownFileType = sourcecode.c.objc; path = GradientTests.m; sourceTree = "<group>"; };
		3DCCA1AF1C1A198B004F63E7 /* Info.plist */ = {isa = PBXFileReference; lastKnownFileType = text.plist.xml; path = Info.plist; sourceTree = "<group>"; };
		3DCCA1B41C1A198B004F63E7 /* GradientUITests.xctest */ = {isa = PBXFileReference; explicitFileType = wrapper.cfbundle; includeInIndex = 0; path = GradientUITests.xctest; sourceTree = BUILT_PRODUCTS_DIR; };
		3DCCA1B81C1A198B004F63E7 /* GradientUITests.m */ = {isa = PBXFileReference; lastKnownFileType = sourcecode.c.objc; path = GradientUITests.m; sourceTree = "<group>"; };
		3DCCA1BA1C1A198B004F63E7 /* Info.plist */ = {isa = PBXFileReference; lastKnownFileType = text.plist.xml; path = Info.plist; sourceTree = "<group>"; };
		3DCCA1C91C1A1A46004F63E7 /* AMYBottomColorChooserViewController.h */ = {isa = PBXFileReference; fileEncoding = 4; lastKnownFileType = sourcecode.c.h; name = AMYBottomColorChooserViewController.h; path = ../AMYBottomColorChooserViewController.h; sourceTree = "<group>"; };
		3DCCA1CA1C1A1A46004F63E7 /* AMYBottomColorChooserViewController.m */ = {isa = PBXFileReference; fileEncoding = 4; lastKnownFileType = sourcecode.c.objc; name = AMYBottomColorChooserViewController.m; path = ../AMYBottomColorChooserViewController.m; sourceTree = "<group>"; };
		3DCCA1CB1C1A1A46004F63E7 /* AMYGradientChooserViewController.h */ = {isa = PBXFileReference; fileEncoding = 4; lastKnownFileType = sourcecode.c.h; name = AMYGradientChooserViewController.h; path = ../AMYGradientChooserViewController.h; sourceTree = "<group>"; };
		3DCCA1CC1C1A1A46004F63E7 /* AMYGradientChooserViewController.m */ = {isa = PBXFileReference; fileEncoding = 4; lastKnownFileType = sourcecode.c.objc; name = AMYGradientChooserViewController.m; path = ../AMYGradientChooserViewController.m; sourceTree = "<group>"; };
		3DCCA1CD1C1A1A46004F63E7 /* AMYTopColorChooserViewController.h */ = {isa = PBXFileReference; fileEncoding = 4; lastKnownFileType = sourcecode.c.h; name = AMYTopColorChooserViewController.h; path = ../AMYTopColorChooserViewController.h; sourceTree = "<group>"; };
		3DCCA1CE1C1A1A46004F63E7 /* AMYTopColorChooserViewController.m */ = {isa = PBXFileReference; fileEncoding = 4; lastKnownFileType = sourcecode.c.objc; name = AMYTopColorChooserViewController.m; path = ../AMYTopColorChooserViewController.m; sourceTree = "<group>"; };
/* End PBXFileReference section */

/* Begin PBXFrameworksBuildPhase section */
		3DCCA18D1C1A198B004F63E7 /* Frameworks */ = {
			isa = PBXFrameworksBuildPhase;
			buildActionMask = 2147483647;
			files = (
			);
			runOnlyForDeploymentPostprocessing = 0;
		};
		3DCCA1A61C1A198B004F63E7 /* Frameworks */ = {
			isa = PBXFrameworksBuildPhase;
			buildActionMask = 2147483647;
			files = (
			);
			runOnlyForDeploymentPostprocessing = 0;
		};
		3DCCA1B11C1A198B004F63E7 /* Frameworks */ = {
			isa = PBXFrameworksBuildPhase;
			buildActionMask = 2147483647;
			files = (
			);
			runOnlyForDeploymentPostprocessing = 0;
		};
/* End PBXFrameworksBuildPhase section */

/* Begin PBXGroup section */
		3DCCA1871C1A198B004F63E7 = {
			isa = PBXGroup;
			children = (
				3DCCA1921C1A198B004F63E7 /* Gradient */,
				3DCCA1AC1C1A198B004F63E7 /* GradientTests */,
				3DCCA1B71C1A198B004F63E7 /* GradientUITests */,
				3DCCA1911C1A198B004F63E7 /* Products */,
			);
			sourceTree = "<group>";
		};
		3DCCA1911C1A198B004F63E7 /* Products */ = {
			isa = PBXGroup;
			children = (
				3DCCA1901C1A198B004F63E7 /* Gradient.app */,
				3DCCA1A91C1A198B004F63E7 /* GradientTests.xctest */,
				3DCCA1B41C1A198B004F63E7 /* GradientUITests.xctest */,
			);
			name = Products;
			sourceTree = "<group>";
		};
		3DCCA1921C1A198B004F63E7 /* Gradient */ = {
			isa = PBXGroup;
			children = (
				3DCCA1961C1A198B004F63E7 /* AppDelegate.h */,
				3DCCA1971C1A198B004F63E7 /* AppDelegate.m */,
				3DCCA19C1C1A198B004F63E7 /* Main.storyboard */,
				3DCCA1C91C1A1A46004F63E7 /* AMYBottomColorChooserViewController.h */,
				3DCCA1CA1C1A1A46004F63E7 /* AMYBottomColorChooserViewController.m */,
				3DCCA1CB1C1A1A46004F63E7 /* AMYGradientChooserViewController.h */,
				3DCCA1CC1C1A1A46004F63E7 /* AMYGradientChooserViewController.m */,
				3DCCA1CD1C1A1A46004F63E7 /* AMYTopColorChooserViewController.h */,
				3DCCA1CE1C1A1A46004F63E7 /* AMYTopColorChooserViewController.m */,
				3DCCA19F1C1A198B004F63E7 /* Assets.xcassets */,
				3DCCA1A11C1A198B004F63E7 /* LaunchScreen.storyboard */,
				3DCCA1A41C1A198B004F63E7 /* Info.plist */,
				3DCCA1931C1A198B004F63E7 /* Supporting Files */,
			);
			path = Gradient;
			sourceTree = "<group>";
		};
		3DCCA1931C1A198B004F63E7 /* Supporting Files */ = {
			isa = PBXGroup;
			children = (
				3DCCA1941C1A198B004F63E7 /* main.m */,
			);
			name = "Supporting Files";
			sourceTree = "<group>";
		};
		3DCCA1AC1C1A198B004F63E7 /* GradientTests */ = {
			isa = PBXGroup;
			children = (
				3DCCA1AD1C1A198B004F63E7 /* GradientTests.m */,
				3DCCA1AF1C1A198B004F63E7 /* Info.plist */,
			);
			path = GradientTests;
			sourceTree = "<group>";
		};
		3DCCA1B71C1A198B004F63E7 /* GradientUITests */ = {
			isa = PBXGroup;
			children = (
				3DCCA1B81C1A198B004F63E7 /* GradientUITests.m */,
				3DCCA1BA1C1A198B004F63E7 /* Info.plist */,
			);
			path = GradientUITests;
			sourceTree = "<group>";
		};
/* End PBXGroup section */

/* Begin PBXNativeTarget section */
		3DCCA18F1C1A198B004F63E7 /* Gradient */ = {
			isa = PBXNativeTarget;
			buildConfigurationList = 3DCCA1BD1C1A198B004F63E7 /* Build configuration list for PBXNativeTarget "Gradient" */;
			buildPhases = (
				3DCCA18C1C1A198B004F63E7 /* Sources */,
				3DCCA18D1C1A198B004F63E7 /* Frameworks */,
				3DCCA18E1C1A198B004F63E7 /* Resources */,
			);
			buildRules = (
			);
			dependencies = (
			);
			name = Gradient;
			productName = Gradient;
			productReference = 3DCCA1901C1A198B004F63E7 /* Gradient.app */;
			productType = "com.apple.product-type.application";
		};
		3DCCA1A81C1A198B004F63E7 /* GradientTests */ = {
			isa = PBXNativeTarget;
			buildConfigurationList = 3DCCA1C01C1A198B004F63E7 /* Build configuration list for PBXNativeTarget "GradientTests" */;
			buildPhases = (
				3DCCA1A51C1A198B004F63E7 /* Sources */,
				3DCCA1A61C1A198B004F63E7 /* Frameworks */,
				3DCCA1A71C1A198B004F63E7 /* Resources */,
			);
			buildRules = (
			);
			dependencies = (
				3DCCA1AB1C1A198B004F63E7 /* PBXTargetDependency */,
			);
			name = GradientTests;
			productName = GradientTests;
			productReference = 3DCCA1A91C1A198B004F63E7 /* GradientTests.xctest */;
			productType = "com.apple.product-type.bundle.unit-test";
		};
		3DCCA1B31C1A198B004F63E7 /* GradientUITests */ = {
			isa = PBXNativeTarget;
			buildConfigurationList = 3DCCA1C31C1A198B004F63E7 /* Build configuration list for PBXNativeTarget "GradientUITests" */;
			buildPhases = (
				3DCCA1B01C1A198B004F63E7 /* Sources */,
				3DCCA1B11C1A198B004F63E7 /* Frameworks */,
				3DCCA1B21C1A198B004F63E7 /* Resources */,
			);
			buildRules = (
			);
			dependencies = (
				3DCCA1B61C1A198B004F63E7 /* PBXTargetDependency */,
			);
			name = GradientUITests;
			productName = GradientUITests;
			productReference = 3DCCA1B41C1A198B004F63E7 /* GradientUITests.xctest */;
			productType = "com.apple.product-type.bundle.ui-testing";
		};
/* End PBXNativeTarget section */

/* Begin PBXProject section */
		3DCCA1881C1A198B004F63E7 /* Project object */ = {
			isa = PBXProject;
			attributes = {
				LastUpgradeCheck = 0710;
				ORGANIZATIONNAME = "Amy Joscelyn";
				TargetAttributes = {
					3DCCA18F1C1A198B004F63E7 = {
						CreatedOnToolsVersion = 7.1.1;
						DevelopmentTeam = SYR2PUL4D4;
					};
					3DCCA1A81C1A198B004F63E7 = {
						CreatedOnToolsVersion = 7.1.1;
						DevelopmentTeam = SYR2PUL4D4;
						TestTargetID = 3DCCA18F1C1A198B004F63E7;
					};
					3DCCA1B31C1A198B004F63E7 = {
						CreatedOnToolsVersion = 7.1.1;
						DevelopmentTeam = SYR2PUL4D4;
						TestTargetID = 3DCCA18F1C1A198B004F63E7;
					};
				};
			};
			buildConfigurationList = 3DCCA18B1C1A198B004F63E7 /* Build configuration list for PBXProject "Gradient" */;
			compatibilityVersion = "Xcode 3.2";
			developmentRegion = English;
			hasScannedForEncodings = 0;
			knownRegions = (
				en,
				Base,
			);
			mainGroup = 3DCCA1871C1A198B004F63E7;
			productRefGroup = 3DCCA1911C1A198B004F63E7 /* Products */;
			projectDirPath = "";
			projectRoot = "";
			targets = (
				3DCCA18F1C1A198B004F63E7 /* Gradient */,
				3DCCA1A81C1A198B004F63E7 /* GradientTests */,
				3DCCA1B31C1A198B004F63E7 /* GradientUITests */,
			);
		};
/* End PBXProject section */

/* Begin PBXResourcesBuildPhase section */
		3DCCA18E1C1A198B004F63E7 /* Resources */ = {
			isa = PBXResourcesBuildPhase;
			buildActionMask = 2147483647;
			files = (
				3DCCA1A31C1A198B004F63E7 /* LaunchScreen.storyboard in Resources */,
				3DCCA1A01C1A198B004F63E7 /* Assets.xcassets in Resources */,
				3DCCA19E1C1A198B004F63E7 /* Main.storyboard in Resources */,
			);
			runOnlyForDeploymentPostprocessing = 0;
		};
		3DCCA1A71C1A198B004F63E7 /* Resources */ = {
			isa = PBXResourcesBuildPhase;
			buildActionMask = 2147483647;
			files = (
			);
			runOnlyForDeploymentPostprocessing = 0;
		};
		3DCCA1B21C1A198B004F63E7 /* Resources */ = {
			isa = PBXResourcesBuildPhase;
			buildActionMask = 2147483647;
			files = (
			);
			runOnlyForDeploymentPostprocessing = 0;
		};
/* End PBXResourcesBuildPhase section */

/* Begin PBXSourcesBuildPhase section */
		3DCCA18C1C1A198B004F63E7 /* Sources */ = {
			isa = PBXSourcesBuildPhase;
			buildActionMask = 2147483647;
			files = (
				3DCCA1D01C1A1A46004F63E7 /* AMYGradientChooserViewController.m in Sources */,
				3DCCA1981C1A198B004F63E7 /* AppDelegate.m in Sources */,
				3DCCA1D11C1A1A46004F63E7 /* AMYTopColorChooserViewController.m in Sources */,
				3DCCA1951C1A198B004F63E7 /* main.m in Sources */,
				3DCCA1CF1C1A1A46004F63E7 /* AMYBottomColorChooserViewController.m in Sources */,
			);
			runOnlyForDeploymentPostprocessing = 0;
		};
		3DCCA1A51C1A198B004F63E7 /* Sources */ = {
			isa = PBXSourcesBuildPhase;
			buildActionMask = 2147483647;
			files = (
				3DCCA1AE1C1A198B004F63E7 /* GradientTests.m in Sources */,
			);
			runOnlyForDeploymentPostprocessing = 0;
		};
		3DCCA1B01C1A198B004F63E7 /* Sources */ = {
			isa = PBXSourcesBuildPhase;
			buildActionMask = 2147483647;
			files = (
				3DCCA1B91C1A198B004F63E7 /* GradientUITests.m in Sources */,
			);
			runOnlyForDeploymentPostprocessing = 0;
		};
/* End PBXSourcesBuildPhase section */

/* Begin PBXTargetDependency section */
		3DCCA1AB1C1A198B004F63E7 /* PBXTargetDependency */ = {
			isa = PBXTargetDependency;
			target = 3DCCA18F1C1A198B004F63E7 /* Gradient */;
			targetProxy = 3DCCA1AA1C1A198B004F63E7 /* PBXContainerItemProxy */;
		};
		3DCCA1B61C1A198B004F63E7 /* PBXTargetDependency */ = {
			isa = PBXTargetDependency;
			target = 3DCCA18F1C1A198B004F63E7 /* Gradient */;
			targetProxy = 3DCCA1B51C1A198B004F63E7 /* PBXContainerItemProxy */;
		};
/* End PBXTargetDependency section */

/* Begin PBXVariantGroup section */
		3DCCA19C1C1A198B004F63E7 /* Main.storyboard */ = {
			isa = PBXVariantGroup;
			children = (
				3DCCA19D1C1A198B004F63E7 /* Base */,
			);
			name = Main.storyboard;
			sourceTree = "<group>";
		};
		3DCCA1A11C1A198B004F63E7 /* LaunchScreen.storyboard */ = {
			isa = PBXVariantGroup;
			children = (
				3DCCA1A21C1A198B004F63E7 /* Base */,
			);
			name = LaunchScreen.storyboard;
			sourceTree = "<group>";
		};
/* End PBXVariantGroup section */

/* Begin XCBuildConfiguration section */
		3DCCA1BB1C1A198B004F63E7 /* Debug */ = {
			isa = XCBuildConfiguration;
			buildSettings = {
				ALWAYS_SEARCH_USER_PATHS = NO;
				CLANG_CXX_LANGUAGE_STANDARD = "gnu++0x";
				CLANG_CXX_LIBRARY = "libc++";
				CLANG_ENABLE_MODULES = YES;
				CLANG_ENABLE_OBJC_ARC = YES;
				CLANG_WARN_BOOL_CONVERSION = YES;
				CLANG_WARN_CONSTANT_CONVERSION = YES;
				CLANG_WARN_DIRECT_OBJC_ISA_USAGE = YES_ERROR;
				CLANG_WARN_EMPTY_BODY = YES;
				CLANG_WARN_ENUM_CONVERSION = YES;
				CLANG_WARN_INT_CONVERSION = YES;
				CLANG_WARN_OBJC_ROOT_CLASS = YES_ERROR;
				CLANG_WARN_UNREACHABLE_CODE = YES;
				CLANG_WARN__DUPLICATE_METHOD_MATCH = YES;
				"CODE_SIGN_IDENTITY[sdk=iphoneos*]" = "iPhone Developer";
				COPY_PHASE_STRIP = NO;
				DEBUG_INFORMATION_FORMAT = dwarf;
				ENABLE_STRICT_OBJC_MSGSEND = YES;
				ENABLE_TESTABILITY = YES;
				GCC_C_LANGUAGE_STANDARD = gnu99;
				GCC_DYNAMIC_NO_PIC = NO;
				GCC_NO_COMMON_BLOCKS = YES;
				GCC_OPTIMIZATION_LEVEL = 0;
				GCC_PREPROCESSOR_DEFINITIONS = (
					"DEBUG=1",
					"$(inherited)",
				);
				GCC_WARN_64_TO_32_BIT_CONVERSION = YES;
				GCC_WARN_ABOUT_RETURN_TYPE = YES_ERROR;
				GCC_WARN_UNDECLARED_SELECTOR = YES;
				GCC_WARN_UNINITIALIZED_AUTOS = YES_AGGRESSIVE;
				GCC_WARN_UNUSED_FUNCTION = YES;
				GCC_WARN_UNUSED_VARIABLE = YES;
				IPHONEOS_DEPLOYMENT_TARGET = 9.1;
				MTL_ENABLE_DEBUG_INFO = YES;
				ONLY_ACTIVE_ARCH = YES;
				SDKROOT = iphoneos;
				TARGETED_DEVICE_FAMILY = "1,2";
			};
			name = Debug;
		};
		3DCCA1BC1C1A198B004F63E7 /* Release */ = {
			isa = XCBuildConfiguration;
			buildSettings = {
				ALWAYS_SEARCH_USER_PATHS = NO;
				CLANG_CXX_LANGUAGE_STANDARD = "gnu++0x";
				CLANG_CXX_LIBRARY = "libc++";
				CLANG_ENABLE_MODULES = YES;
				CLANG_ENABLE_OBJC_ARC = YES;
				CLANG_WARN_BOOL_CONVERSION = YES;
				CLANG_WARN_CONSTANT_CONVERSION = YES;
				CLANG_WARN_DIRECT_OBJC_ISA_USAGE = YES_ERROR;
				CLANG_WARN_EMPTY_BODY = YES;
				CLANG_WARN_ENUM_CONVERSION = YES;
				CLANG_WARN_INT_CONVERSION = YES;
				CLANG_WARN_OBJC_ROOT_CLASS = YES_ERROR;
				CLANG_WARN_UNREACHABLE_CODE = YES;
				CLANG_WARN__DUPLICATE_METHOD_MATCH = YES;
				"CODE_SIGN_IDENTITY[sdk=iphoneos*]" = "iPhone Developer";
				COPY_PHASE_STRIP = NO;
				DEBUG_INFORMATION_FORMAT = "dwarf-with-dsym";
				ENABLE_NS_ASSERTIONS = NO;
				ENABLE_STRICT_OBJC_MSGSEND = YES;
				GCC_C_LANGUAGE_STANDARD = gnu99;
				GCC_NO_COMMON_BLOCKS = YES;
				GCC_WARN_64_TO_32_BIT_CONVERSION = YES;
				GCC_WARN_ABOUT_RETURN_TYPE = YES_ERROR;
				GCC_WARN_UNDECLARED_SELECTOR = YES;
				GCC_WARN_UNINITIALIZED_AUTOS = YES_AGGRESSIVE;
				GCC_WARN_UNUSED_FUNCTION = YES;
				GCC_WARN_UNUSED_VARIABLE = YES;
				IPHONEOS_DEPLOYMENT_TARGET = 9.1;
				MTL_ENABLE_DEBUG_INFO = NO;
				SDKROOT = iphoneos;
				TARGETED_DEVICE_FAMILY = "1,2";
				VALIDATE_PRODUCT = YES;
			};
			name = Release;
		};
		3DCCA1BE1C1A198B004F63E7 /* Debug */ = {
			isa = XCBuildConfiguration;
			buildSettings = {
				ASSETCATALOG_COMPILER_APPICON_NAME = AppIcon;
				INFOPLIST_FILE = Gradient/Info.plist;
				LD_RUNPATH_SEARCH_PATHS = "$(inherited) @executable_path/Frameworks";
				PRODUCT_BUNDLE_IDENTIFIER = AMY.Gradient;
				PRODUCT_NAME = "$(TARGET_NAME)";
				TARGETED_DEVICE_FAMILY = "1,2";
			};
			name = Debug;
		};
		3DCCA1BF1C1A198B004F63E7 /* Release */ = {
			isa = XCBuildConfiguration;
			buildSettings = {
				ASSETCATALOG_COMPILER_APPICON_NAME = AppIcon;
				INFOPLIST_FILE = Gradient/Info.plist;
				LD_RUNPATH_SEARCH_PATHS = "$(inherited) @executable_path/Frameworks";
				PRODUCT_BUNDLE_IDENTIFIER = AMY.Gradient;
				PRODUCT_NAME = "$(TARGET_NAME)";
				TARGETED_DEVICE_FAMILY = "1,2";
			};
			name = Release;
		};
		3DCCA1C11C1A198B004F63E7 /* Debug */ = {
			isa = XCBuildConfiguration;
			buildSettings = {
				BUNDLE_LOADER = "$(TEST_HOST)";
				INFOPLIST_FILE = GradientTests/Info.plist;
				LD_RUNPATH_SEARCH_PATHS = "$(inherited) @executable_path/Frameworks @loader_path/Frameworks";
				PRODUCT_BUNDLE_IDENTIFIER = AMY.GradientTests;
				PRODUCT_NAME = "$(TARGET_NAME)";
				TEST_HOST = "$(BUILT_PRODUCTS_DIR)/Gradient.app/Gradient";
			};
			name = Debug;
		};
		3DCCA1C21C1A198B004F63E7 /* Release */ = {
			isa = XCBuildConfiguration;
			buildSettings = {
				BUNDLE_LOADER = "$(TEST_HOST)";
				INFOPLIST_FILE = GradientTests/Info.plist;
				LD_RUNPATH_SEARCH_PATHS = "$(inherited) @executable_path/Frameworks @loader_path/Frameworks";
				PRODUCT_BUNDLE_IDENTIFIER = AMY.GradientTests;
				PRODUCT_NAME = "$(TARGET_NAME)";
				TEST_HOST = "$(BUILT_PRODUCTS_DIR)/Gradient.app/Gradient";
			};
			name = Release;
		};
		3DCCA1C41C1A198B004F63E7 /* Debug */ = {
			isa = XCBuildConfiguration;
			buildSettings = {
				INFOPLIST_FILE = GradientUITests/Info.plist;
				LD_RUNPATH_SEARCH_PATHS = "$(inherited) @executable_path/Frameworks @loader_path/Frameworks";
				PRODUCT_BUNDLE_IDENTIFIER = AMY.GradientUITests;
				PRODUCT_NAME = "$(TARGET_NAME)";
				TEST_TARGET_NAME = Gradient;
				USES_XCTRUNNER = YES;
			};
			name = Debug;
		};
		3DCCA1C51C1A198B004F63E7 /* Release */ = {
			isa = XCBuildConfiguration;
			buildSettings = {
				INFOPLIST_FILE = GradientUITests/Info.plist;
				LD_RUNPATH_SEARCH_PATHS = "$(inherited) @executable_path/Frameworks @loader_path/Frameworks";
				PRODUCT_BUNDLE_IDENTIFIER = AMY.GradientUITests;
				PRODUCT_NAME = "$(TARGET_NAME)";
				TEST_TARGET_NAME = Gradient;
				USES_XCTRUNNER = YES;
			};
			name = Release;
		};
/* End XCBuildConfiguration section */

/* Begin XCConfigurationList section */
		3DCCA18B1C1A198B004F63E7 /* Build configuration list for PBXProject "Gradient" */ = {
			isa = XCConfigurationList;
			buildConfigurations = (
				3DCCA1BB1C1A198B004F63E7 /* Debug */,
				3DCCA1BC1C1A198B004F63E7 /* Release */,
			);
			defaultConfigurationIsVisible = 0;
			defaultConfigurationName = Release;
		};
		3DCCA1BD1C1A198B004F63E7 /* Build configuration list for PBXNativeTarget "Gradient" */ = {
			isa = XCConfigurationList;
			buildConfigurations = (
				3DCCA1BE1C1A198B004F63E7 /* Debug */,
				3DCCA1BF1C1A198B004F63E7 /* Release */,
			);
			defaultConfigurationIsVisible = 0;
		};
		3DCCA1C01C1A198B004F63E7 /* Build configuration list for PBXNativeTarget "GradientTests" */ = {
			isa = XCConfigurationList;
			buildConfigurations = (
				3DCCA1C11C1A198B004F63E7 /* Debug */,
				3DCCA1C21C1A198B004F63E7 /* Release */,
			);
			defaultConfigurationIsVisible = 0;
		};
		3DCCA1C31C1A198B004F63E7 /* Build configuration list for PBXNativeTarget "GradientUITests" */ = {
			isa = XCConfigurationList;
			buildConfigurations = (
				3DCCA1C41C1A198B004F63E7 /* Debug */,
				3DCCA1C51C1A198B004F63E7 /* Release */,
			);
			defaultConfigurationIsVisible = 0;
		};
/* End XCConfigurationList section */
	};
	rootObject = 3DCCA1881C1A198B004F63E7 /* Project object */;
}
